
Microsoft Visual Studio Solution File, Format Version 12.00
Project("{FAE04EC0-301F-11D3-BF4B-00C04F79EFBC}") = "EfCoreProject", "EfCoreProject\EfCoreProject.csproj", "{69F2FD10-02B9-46D7-9949-4F0360175D48}"
EndProject
Project("{FAE04EC0-301F-11D3-BF4B-00C04F79EFBC}") = "EFCoreScaffold", "EFCoreScaffold\EFCoreScaffold.csproj", "{D3737E28-6ECC-4968-909B-2694A876B322}"
EndProject
Global
	GlobalSection(SolutionConfigurationPlatforms) = preSolution
		Debug|Any CPU = Debug|Any CPU
		Release|Any CPU = Release|Any CPU
	EndGlobalSection
	GlobalSection(ProjectConfigurationPlatforms) = postSolution
		{69F2FD10-02B9-46D7-9949-4F0360175D48}.Debug|Any CPU.ActiveCfg = Debug|Any CPU
		{69F2FD10-02B9-46D7-9949-4F0360175D48}.Debug|Any CPU.Build.0 = Debug|Any CPU
		{69F2FD10-02B9-46D7-9949-4F0360175D48}.Release|Any CPU.ActiveCfg = Release|Any CPU
		{69F2FD10-02B9-46D7-9949-4F0360175D48}.Release|Any CPU.Build.0 = Release|Any CPU
		{D3737E28-6ECC-4968-909B-2694A876B322}.Debug|Any CPU.ActiveCfg = Debug|Any CPU
		{D3737E28-6ECC-4968-909B-2694A876B322}.Debug|Any CPU.Build.0 = Debug|Any CPU
		{D3737E28-6ECC-4968-909B-2694A876B322}.Release|Any CPU.ActiveCfg = Release|Any CPU
		{D3737E28-6ECC-4968-909B-2694A876B322}.Release|Any CPU.Build.0 = Release|Any CPU
	EndGlobalSection
EndGlobal
