
Microsoft Visual Studio Solution File, Format Version 12.00
Project("{FAE04EC0-301F-11D3-BF4B-00C04F79EFBC}") = "EfCoreProject", "EfCoreProject\EfCoreProject.csproj", "{69F2FD10-02B9-46D7-9949-4F0360175D48}"
EndProject
Project("{FAE04EC0-301F-11D3-BF4B-00C04F79EFBC}") = "EFCoreScaffold", "EFCoreScaffold\EFCoreScaffold.csproj", "{D3737E28-6ECC-4968-909B-2694A876B322}"
EndProject
Project("{FAE04EC0-301F-11D3-BF4B-00C04F79EFBC}") = "EFCoreMultiDb", "EFCoreMultiDb\EFCoreMultiDb.csproj", "{66791E7B-F6B8-4AA3-961E-2476D59A77FE}"
EndProject
Project("{FAE04EC0-301F-11D3-BF4B-00C04F79EFBC}") = "DotnetMapster", "DotnetMapster\DotnetMapster.csproj", "{1B1FADA6-DDB4-4EC2-BFD9-2A70D350FAB8}"
EndProject
Project("{FAE04EC0-301F-11D3-BF4B-00C04F79EFBC}") = "MapsterOnApiProject", "MapsterOnApiProject\MapsterOnApiProject.csproj", "{A97C0B1C-9A1E-41E4-BF82-B0EC1D279BBC}"
EndProject
Project("{FAE04EC0-301F-11D3-BF4B-00C04F79EFBC}") = "EFCoreTransaction", "EFCoreTransaction\EFCoreTransaction.csproj", "{2D21BCCC-4155-4DCD-8E54-5D38CDE200B5}"
EndProject
Project("{FAE04EC0-301F-11D3-BF4B-00C04F79EFBC}") = "RazorLightTemplate", "RazorLightTemplate\RazorLightTemplate.csproj", "{4C647168-A17F-43C6-A354-6A7807030F76}"
EndProject
Project("{FAE04EC0-301F-11D3-BF4B-00C04F79EFBC}") = "EFCoreProjectDeployment", "EFCoreProjectDeployment\EFCoreProjectDeployment.csproj", "{641DCCDC-2CC9-4AD6-8399-A16CB353533E}"
EndProject
Project("{FAE04EC0-301F-11D3-BF4B-00C04F79EFBC}") = "ProjectCodeFormat", "ProjectCodeFormat\ProjectCodeFormat.csproj", "{5EE07857-1814-462B-A300-43D512583D52}"
EndProject
Global
	GlobalSection(SolutionConfigurationPlatforms) = preSolution
		Debug|Any CPU = Debug|Any CPU
		Release|Any CPU = Release|Any CPU
	EndGlobalSection
	GlobalSection(ProjectConfigurationPlatforms) = postSolution
		{69F2FD10-02B9-46D7-9949-4F0360175D48}.Debug|Any CPU.ActiveCfg = Debug|Any CPU
		{69F2FD10-02B9-46D7-9949-4F0360175D48}.Debug|Any CPU.Build.0 = Debug|Any CPU
		{69F2FD10-02B9-46D7-9949-4F0360175D48}.Release|Any CPU.ActiveCfg = Release|Any CPU
		{69F2FD10-02B9-46D7-9949-4F0360175D48}.Release|Any CPU.Build.0 = Release|Any CPU
		{D3737E28-6ECC-4968-909B-2694A876B322}.Debug|Any CPU.ActiveCfg = Debug|Any CPU
		{D3737E28-6ECC-4968-909B-2694A876B322}.Debug|Any CPU.Build.0 = Debug|Any CPU
		{D3737E28-6ECC-4968-909B-2694A876B322}.Release|Any CPU.ActiveCfg = Release|Any CPU
		{D3737E28-6ECC-4968-909B-2694A876B322}.Release|Any CPU.Build.0 = Release|Any CPU
		{66791E7B-F6B8-4AA3-961E-2476D59A77FE}.Debug|Any CPU.ActiveCfg = Debug|Any CPU
		{66791E7B-F6B8-4AA3-961E-2476D59A77FE}.Debug|Any CPU.Build.0 = Debug|Any CPU
		{66791E7B-F6B8-4AA3-961E-2476D59A77FE}.Release|Any CPU.ActiveCfg = Release|Any CPU
		{66791E7B-F6B8-4AA3-961E-2476D59A77FE}.Release|Any CPU.Build.0 = Release|Any CPU
		{1B1FADA6-DDB4-4EC2-BFD9-2A70D350FAB8}.Debug|Any CPU.ActiveCfg = Debug|Any CPU
		{1B1FADA6-DDB4-4EC2-BFD9-2A70D350FAB8}.Debug|Any CPU.Build.0 = Debug|Any CPU
		{1B1FADA6-DDB4-4EC2-BFD9-2A70D350FAB8}.Release|Any CPU.ActiveCfg = Release|Any CPU
		{1B1FADA6-DDB4-4EC2-BFD9-2A70D350FAB8}.Release|Any CPU.Build.0 = Release|Any CPU
		{A97C0B1C-9A1E-41E4-BF82-B0EC1D279BBC}.Debug|Any CPU.ActiveCfg = Debug|Any CPU
		{A97C0B1C-9A1E-41E4-BF82-B0EC1D279BBC}.Debug|Any CPU.Build.0 = Debug|Any CPU
		{A97C0B1C-9A1E-41E4-BF82-B0EC1D279BBC}.Release|Any CPU.ActiveCfg = Release|Any CPU
		{A97C0B1C-9A1E-41E4-BF82-B0EC1D279BBC}.Release|Any CPU.Build.0 = Release|Any CPU
		{2D21BCCC-4155-4DCD-8E54-5D38CDE200B5}.Debug|Any CPU.ActiveCfg = Debug|Any CPU
		{2D21BCCC-4155-4DCD-8E54-5D38CDE200B5}.Debug|Any CPU.Build.0 = Debug|Any CPU
		{2D21BCCC-4155-4DCD-8E54-5D38CDE200B5}.Release|Any CPU.ActiveCfg = Release|Any CPU
		{2D21BCCC-4155-4DCD-8E54-5D38CDE200B5}.Release|Any CPU.Build.0 = Release|Any CPU
		{4C647168-A17F-43C6-A354-6A7807030F76}.Debug|Any CPU.ActiveCfg = Debug|Any CPU
		{4C647168-A17F-43C6-A354-6A7807030F76}.Debug|Any CPU.Build.0 = Debug|Any CPU
		{4C647168-A17F-43C6-A354-6A7807030F76}.Release|Any CPU.ActiveCfg = Release|Any CPU
		{4C647168-A17F-43C6-A354-6A7807030F76}.Release|Any CPU.Build.0 = Release|Any CPU
		{641DCCDC-2CC9-4AD6-8399-A16CB353533E}.Debug|Any CPU.ActiveCfg = Debug|Any CPU
		{641DCCDC-2CC9-4AD6-8399-A16CB353533E}.Debug|Any CPU.Build.0 = Debug|Any CPU
		{641DCCDC-2CC9-4AD6-8399-A16CB353533E}.Release|Any CPU.ActiveCfg = Release|Any CPU
		{641DCCDC-2CC9-4AD6-8399-A16CB353533E}.Release|Any CPU.Build.0 = Release|Any CPU
		{5EE07857-1814-462B-A300-43D512583D52}.Debug|Any CPU.ActiveCfg = Debug|Any CPU
		{5EE07857-1814-462B-A300-43D512583D52}.Debug|Any CPU.Build.0 = Debug|Any CPU
		{5EE07857-1814-462B-A300-43D512583D52}.Release|Any CPU.ActiveCfg = Release|Any CPU
		{5EE07857-1814-462B-A300-43D512583D52}.Release|Any CPU.Build.0 = Release|Any CPU
	EndGlobalSection
EndGlobal
